
Microsoft Visual Studio Solution File, Format Version 12.00
# Visual Studio Version 18
VisualStudioVersion = 18.6.11822.322 stable
MinimumVisualStudioVersion = 10.0.40219.1
Project("{FAE04EC0-301F-11D3-BF4B-00C04F79EFBC}") = "BIS.ERP", "BIS.ERP.csproj", "{64DDEEB8-7582-6E00-6D7B-8E6471B848EA}"
EndProject
Project("{FAE04EC0-301F-11D3-BF4B-00C04F79EFBC}") = "BIS.ERP.Updater", "..\BIS.ERP.Updater\BIS.ERP.Updater.csproj", "{E6A73B4A-AC60-4B45-922D-59B2279D9E2A}"
EndProject
Global
	GlobalSection(SolutionConfigurationPlatforms) = preSolution
		Debug|Any CPU = Debug|Any CPU
		Release|Any CPU = Release|Any CPU
	EndGlobalSection
	GlobalSection(ProjectConfigurationPlatforms) = postSolution
		{64DDEEB8-7582-6E00-6D7B-8E6471B848EA}.Debug|Any CPU.ActiveCfg = Debug|Any CPU
		{64DDEEB8-7582-6E00-6D7B-8E6471B848EA}.Debug|Any CPU.Build.0 = Debug|Any CPU
		{64DDEEB8-7582-6E00-6D7B-8E6471B848EA}.Release|Any CPU.ActiveCfg = Release|Any CPU
		{64DDEEB8-7582-6E00-6D7B-8E6471B848EA}.Release|Any CPU.Build.0 = Release|Any CPU
		{E6A73B4A-AC60-4B45-922D-59B2279D9E2A}.Debug|Any CPU.ActiveCfg = Debug|Any CPU
		{E6A73B4A-AC60-4B45-922D-59B2279D9E2A}.Debug|Any CPU.Build.0 = Debug|Any CPU
		{E6A73B4A-AC60-4B45-922D-59B2279D9E2A}.Release|Any CPU.ActiveCfg = Release|Any CPU
		{E6A73B4A-AC60-4B45-922D-59B2279D9E2A}.Release|Any CPU.Build.0 = Release|Any CPU
	EndGlobalSection
	GlobalSection(SolutionProperties) = preSolution
		HideSolutionNode = FALSE
	EndGlobalSection
	GlobalSection(ExtensibilityGlobals) = postSolution
		SolutionGuid = {C26478CB-C79E-4133-BFD7-67E424CDC601}
	EndGlobalSection
EndGlobal
