
Microsoft Visual Studio Solution File, Format Version 12.00
# Visual Studio Version 18
VisualStudioVersion = 18.6.11822.322
MinimumVisualStudioVersion = 10.0.40219.1
Project("{FAE04EC0-301F-11D3-BF4B-00C04F79EFBC}") = "BIS.ERP", "BIS.ERP.csproj", "{64DDEEB8-7582-6E00-6D7B-8E6471B848EA}"
	ProjectSection(ProjectDependencies) = postProject
		{E6A73B4A-AC60-4B45-922D-59B2279D9E2A} = {E6A73B4A-AC60-4B45-922D-59B2279D9E2A}
	EndProjectSection
EndProject
Project("{FAE04EC0-301F-11D3-BF4B-00C04F79EFBC}") = "BIS.ERP.Updater", "BIS.ERP.Updater\BIS.ERP.Updater.csproj", "{E6A73B4A-AC60-4B45-922D-59B2279D9E2A}"
EndProject
Project("{2150E333-8FDC-42A3-9474-1A3956D46DE8}") = "BIS.ERP.TESTS", "BIS.ERP.TESTS", "{436139DB-407D-DB2C-0A4B-D9B2BAFBFACA}"
EndProject
Project("{FAE04EC0-301F-11D3-BF4B-00C04F79EFBC}") = "BIS.ERP.Testing", "BIS.ERP.TESTS\BIS.ERP.TESTS.Core\BIS.ERP.Testing.csproj", "{AFDEA92C-8035-4BA6-8E07-9058D9910D1E}"
EndProject
Project("{FAE04EC0-301F-11D3-BF4B-00C04F79EFBC}") = "BIS.ERP.TESTS.Console", "BIS.ERP.TESTS\BIS.ERP.TESTS.Console\BIS.ERP.TESTS.Console.csproj", "{7435269F-7E52-4730-8023-1397DDD6A97F}"
EndProject
Project("{FAE04EC0-301F-11D3-BF4B-00C04F79EFBC}") = "BIS.ERP.TestRunner", "BIS.ERP.TESTS\BIS.ERP.TESTS.UI\BIS.ERP.TestRunner.csproj", "{35FD7366-E120-4CEA-B832-3F273A1A533E}"
EndProject
Global
	GlobalSection(SolutionConfigurationPlatforms) = preSolution
		Debug|Any CPU = Debug|Any CPU
		Debug|x64 = Debug|x64
		Debug|x86 = Debug|x86
		Release|Any CPU = Release|Any CPU
		Release|x64 = Release|x64
		Release|x86 = Release|x86
	EndGlobalSection
	GlobalSection(ProjectConfigurationPlatforms) = postSolution
		{64DDEEB8-7582-6E00-6D7B-8E6471B848EA}.Debug|Any CPU.ActiveCfg = Debug|Any CPU
		{64DDEEB8-7582-6E00-6D7B-8E6471B848EA}.Debug|Any CPU.Build.0 = Debug|Any CPU
		{64DDEEB8-7582-6E00-6D7B-8E6471B848EA}.Debug|x64.ActiveCfg = Debug|Any CPU
		{64DDEEB8-7582-6E00-6D7B-8E6471B848EA}.Debug|x64.Build.0 = Debug|Any CPU
		{64DDEEB8-7582-6E00-6D7B-8E6471B848EA}.Debug|x86.ActiveCfg = Debug|Any CPU
		{64DDEEB8-7582-6E00-6D7B-8E6471B848EA}.Debug|x86.Build.0 = Debug|Any CPU
		{64DDEEB8-7582-6E00-6D7B-8E6471B848EA}.Release|Any CPU.ActiveCfg = Release|Any CPU
		{64DDEEB8-7582-6E00-6D7B-8E6471B848EA}.Release|Any CPU.Build.0 = Release|Any CPU
		{64DDEEB8-7582-6E00-6D7B-8E6471B848EA}.Release|x64.ActiveCfg = Release|Any CPU
		{64DDEEB8-7582-6E00-6D7B-8E6471B848EA}.Release|x64.Build.0 = Release|Any CPU
		{64DDEEB8-7582-6E00-6D7B-8E6471B848EA}.Release|x86.ActiveCfg = Release|Any CPU
		{64DDEEB8-7582-6E00-6D7B-8E6471B848EA}.Release|x86.Build.0 = Release|Any CPU
		{E6A73B4A-AC60-4B45-922D-59B2279D9E2A}.Debug|Any CPU.ActiveCfg = Debug|Any CPU
		{E6A73B4A-AC60-4B45-922D-59B2279D9E2A}.Debug|Any CPU.Build.0 = Debug|Any CPU
		{E6A73B4A-AC60-4B45-922D-59B2279D9E2A}.Debug|x64.ActiveCfg = Debug|Any CPU
		{E6A73B4A-AC60-4B45-922D-59B2279D9E2A}.Debug|x64.Build.0 = Debug|Any CPU
		{E6A73B4A-AC60-4B45-922D-59B2279D9E2A}.Debug|x86.ActiveCfg = Debug|Any CPU
		{E6A73B4A-AC60-4B45-922D-59B2279D9E2A}.Debug|x86.Build.0 = Debug|Any CPU
		{E6A73B4A-AC60-4B45-922D-59B2279D9E2A}.Release|Any CPU.ActiveCfg = Release|Any CPU
		{E6A73B4A-AC60-4B45-922D-59B2279D9E2A}.Release|Any CPU.Build.0 = Release|Any CPU
		{E6A73B4A-AC60-4B45-922D-59B2279D9E2A}.Release|x64.ActiveCfg = Release|Any CPU
		{E6A73B4A-AC60-4B45-922D-59B2279D9E2A}.Release|x64.Build.0 = Release|Any CPU
		{E6A73B4A-AC60-4B45-922D-59B2279D9E2A}.Release|x86.ActiveCfg = Release|Any CPU
		{E6A73B4A-AC60-4B45-922D-59B2279D9E2A}.Release|x86.Build.0 = Release|Any CPU
		{AFDEA92C-8035-4BA6-8E07-9058D9910D1E}.Debug|Any CPU.ActiveCfg = Debug|Any CPU
		{AFDEA92C-8035-4BA6-8E07-9058D9910D1E}.Debug|Any CPU.Build.0 = Debug|Any CPU
		{AFDEA92C-8035-4BA6-8E07-9058D9910D1E}.Debug|x64.ActiveCfg = Debug|Any CPU
		{AFDEA92C-8035-4BA6-8E07-9058D9910D1E}.Debug|x64.Build.0 = Debug|Any CPU
		{AFDEA92C-8035-4BA6-8E07-9058D9910D1E}.Debug|x86.ActiveCfg = Debug|Any CPU
		{AFDEA92C-8035-4BA6-8E07-9058D9910D1E}.Debug|x86.Build.0 = Debug|Any CPU
		{AFDEA92C-8035-4BA6-8E07-9058D9910D1E}.Release|Any CPU.ActiveCfg = Release|Any CPU
		{AFDEA92C-8035-4BA6-8E07-9058D9910D1E}.Release|Any CPU.Build.0 = Release|Any CPU
		{AFDEA92C-8035-4BA6-8E07-9058D9910D1E}.Release|x64.ActiveCfg = Release|Any CPU
		{AFDEA92C-8035-4BA6-8E07-9058D9910D1E}.Release|x64.Build.0 = Release|Any CPU
		{AFDEA92C-8035-4BA6-8E07-9058D9910D1E}.Release|x86.ActiveCfg = Release|Any CPU
		{AFDEA92C-8035-4BA6-8E07-9058D9910D1E}.Release|x86.Build.0 = Release|Any CPU
		{7435269F-7E52-4730-8023-1397DDD6A97F}.Debug|Any CPU.ActiveCfg = Debug|Any CPU
		{7435269F-7E52-4730-8023-1397DDD6A97F}.Debug|Any CPU.Build.0 = Debug|Any CPU
		{7435269F-7E52-4730-8023-1397DDD6A97F}.Debug|x64.ActiveCfg = Debug|Any CPU
		{7435269F-7E52-4730-8023-1397DDD6A97F}.Debug|x64.Build.0 = Debug|Any CPU
		{7435269F-7E52-4730-8023-1397DDD6A97F}.Debug|x86.ActiveCfg = Debug|Any CPU
		{7435269F-7E52-4730-8023-1397DDD6A97F}.Debug|x86.Build.0 = Debug|Any CPU
		{7435269F-7E52-4730-8023-1397DDD6A97F}.Release|Any CPU.ActiveCfg = Release|Any CPU
		{7435269F-7E52-4730-8023-1397DDD6A97F}.Release|Any CPU.Build.0 = Release|Any CPU
		{7435269F-7E52-4730-8023-1397DDD6A97F}.Release|x64.ActiveCfg = Release|Any CPU
		{7435269F-7E52-4730-8023-1397DDD6A97F}.Release|x64.Build.0 = Release|Any CPU
		{7435269F-7E52-4730-8023-1397DDD6A97F}.Release|x86.ActiveCfg = Release|Any CPU
		{7435269F-7E52-4730-8023-1397DDD6A97F}.Release|x86.Build.0 = Release|Any CPU
		{35FD7366-E120-4CEA-B832-3F273A1A533E}.Debug|Any CPU.ActiveCfg = Debug|Any CPU
		{35FD7366-E120-4CEA-B832-3F273A1A533E}.Debug|Any CPU.Build.0 = Debug|Any CPU
		{35FD7366-E120-4CEA-B832-3F273A1A533E}.Debug|x64.ActiveCfg = Debug|Any CPU
		{35FD7366-E120-4CEA-B832-3F273A1A533E}.Debug|x64.Build.0 = Debug|Any CPU
		{35FD7366-E120-4CEA-B832-3F273A1A533E}.Debug|x86.ActiveCfg = Debug|Any CPU
		{35FD7366-E120-4CEA-B832-3F273A1A533E}.Debug|x86.Build.0 = Debug|Any CPU
		{35FD7366-E120-4CEA-B832-3F273A1A533E}.Release|Any CPU.ActiveCfg = Release|Any CPU
		{35FD7366-E120-4CEA-B832-3F273A1A533E}.Release|Any CPU.Build.0 = Release|Any CPU
		{35FD7366-E120-4CEA-B832-3F273A1A533E}.Release|x64.ActiveCfg = Release|Any CPU
		{35FD7366-E120-4CEA-B832-3F273A1A533E}.Release|x64.Build.0 = Release|Any CPU
		{35FD7366-E120-4CEA-B832-3F273A1A533E}.Release|x86.ActiveCfg = Release|Any CPU
		{35FD7366-E120-4CEA-B832-3F273A1A533E}.Release|x86.Build.0 = Release|Any CPU
	EndGlobalSection
	GlobalSection(SolutionProperties) = preSolution
		HideSolutionNode = FALSE
	EndGlobalSection
	GlobalSection(NestedProjects) = preSolution
		{AFDEA92C-8035-4BA6-8E07-9058D9910D1E} = {436139DB-407D-DB2C-0A4B-D9B2BAFBFACA}
		{7435269F-7E52-4730-8023-1397DDD6A97F} = {436139DB-407D-DB2C-0A4B-D9B2BAFBFACA}
		{35FD7366-E120-4CEA-B832-3F273A1A533E} = {436139DB-407D-DB2C-0A4B-D9B2BAFBFACA}
	EndGlobalSection
	GlobalSection(ExtensibilityGlobals) = postSolution
		SolutionGuid = {C26478CB-C79E-4133-BFD7-67E424CDC601}
	EndGlobalSection
EndGlobal
